
Microsoft Visual Studio Solution File, Format Version 12.00
# Visual Studio Version 16
VisualStudioVersion = 16.0.31112.23
MinimumVisualStudioVersion = 10.0.40219.1
Project("{9A19103F-16F7-4668-BE54-9A1E7A4F7556}") = "CommerceShop", "CommerceShop\CommerceShop.csproj", "{C3954EB6-09DC-42E0-84D1-B44C940EF1AE}"
EndProject
Project("{9A19103F-16F7-4668-BE54-9A1E7A4F7556}") = "Commerce.Data", "Data\Commerce.Data.csproj", "{26C1A5C7-5B16-4E1A-A904-EEE753AE99D8}"
EndProject
Project("{9A19103F-16F7-4668-BE54-9A1E7A4F7556}") = "Commerce.Services", "Services\Commerce.Services.csproj", "{48688120-9773-40AE-91E2-7243A36818F0}"
EndProject
Project("{9A19103F-16F7-4668-BE54-9A1E7A4F7556}") = "Commerce.Core", "Core.Commerce\Commerce.Core.csproj", "{A25A5940-3B45-43CD-9771-FEB295D9F9DE}"
EndProject
Global
	GlobalSection(SolutionConfigurationPlatforms) = preSolution
		Debug|Any CPU = Debug|Any CPU
		Release|Any CPU = Release|Any CPU
	EndGlobalSection
	GlobalSection(ProjectConfigurationPlatforms) = postSolution
		{C3954EB6-09DC-42E0-84D1-B44C940EF1AE}.Debug|Any CPU.ActiveCfg = Debug|Any CPU
		{C3954EB6-09DC-42E0-84D1-B44C940EF1AE}.Debug|Any CPU.Build.0 = Debug|Any CPU
		{C3954EB6-09DC-42E0-84D1-B44C940EF1AE}.Release|Any CPU.ActiveCfg = Release|Any CPU
		{C3954EB6-09DC-42E0-84D1-B44C940EF1AE}.Release|Any CPU.Build.0 = Release|Any CPU
		{26C1A5C7-5B16-4E1A-A904-EEE753AE99D8}.Debug|Any CPU.ActiveCfg = Debug|Any CPU
		{26C1A5C7-5B16-4E1A-A904-EEE753AE99D8}.Debug|Any CPU.Build.0 = Debug|Any CPU
		{26C1A5C7-5B16-4E1A-A904-EEE753AE99D8}.Release|Any CPU.ActiveCfg = Release|Any CPU
		{26C1A5C7-5B16-4E1A-A904-EEE753AE99D8}.Release|Any CPU.Build.0 = Release|Any CPU
		{48688120-9773-40AE-91E2-7243A36818F0}.Debug|Any CPU.ActiveCfg = Debug|Any CPU
		{48688120-9773-40AE-91E2-7243A36818F0}.Debug|Any CPU.Build.0 = Debug|Any CPU
		{48688120-9773-40AE-91E2-7243A36818F0}.Release|Any CPU.ActiveCfg = Release|Any CPU
		{48688120-9773-40AE-91E2-7243A36818F0}.Release|Any CPU.Build.0 = Release|Any CPU
		{A25A5940-3B45-43CD-9771-FEB295D9F9DE}.Debug|Any CPU.ActiveCfg = Debug|Any CPU
		{A25A5940-3B45-43CD-9771-FEB295D9F9DE}.Debug|Any CPU.Build.0 = Debug|Any CPU
		{A25A5940-3B45-43CD-9771-FEB295D9F9DE}.Release|Any CPU.ActiveCfg = Release|Any CPU
		{A25A5940-3B45-43CD-9771-FEB295D9F9DE}.Release|Any CPU.Build.0 = Release|Any CPU
	EndGlobalSection
	GlobalSection(SolutionProperties) = preSolution
		HideSolutionNode = FALSE
	EndGlobalSection
	GlobalSection(ExtensibilityGlobals) = postSolution
		SolutionGuid = {9B13C67C-6ABE-48CB-BCAE-FC511487A282}
	EndGlobalSection
EndGlobal
